
Microsoft Visual Studio Solution File, Format Version 12.00
# Visual Studio Version 16
VisualStudioVersion = 16.0.28803.352
MinimumVisualStudioVersion = 10.0.40219.1
Project("{FAE04EC0-301F-11D3-BF4B-00C04F79EFBC}") = "template-vue-net-core-2.2", "template-vue-net-core-2.2.csproj", "{5100FBD0-8C64-42E8-A82D-0A124091DDBB}"
EndProject
Global
	GlobalSection(SolutionConfigurationPlatforms) = preSolution
		Debug|Any CPU = Debug|Any CPU
		Release|Any CPU = Release|Any CPU
	EndGlobalSection
	GlobalSection(ProjectConfigurationPlatforms) = postSolution
		{5100FBD0-8C64-42E8-A82D-0A124091DDBB}.Debug|Any CPU.ActiveCfg = Debug|Any CPU
		{5100FBD0-8C64-42E8-A82D-0A124091DDBB}.Debug|Any CPU.Build.0 = Debug|Any CPU
		{5100FBD0-8C64-42E8-A82D-0A124091DDBB}.Release|Any CPU.ActiveCfg = Release|Any CPU
		{5100FBD0-8C64-42E8-A82D-0A124091DDBB}.Release|Any CPU.Build.0 = Release|Any CPU
	EndGlobalSection
	GlobalSection(SolutionProperties) = preSolution
		HideSolutionNode = FALSE
	EndGlobalSection
	GlobalSection(ExtensibilityGlobals) = postSolution
		SolutionGuid = {2C9224D7-7EB2-456A-86CC-01B58190708F}
	EndGlobalSection
EndGlobal
